// !$*UTF8*$!
{
	archiveVersion = 1;
	classes = {
	};
	objectVersion = 46;
	objects = {

/* Begin PBXBuildFile section */
		018E9E1D1D297C3300E804E2 /* AppDelegate.swift in Sources */ = {isa = PBXBuildFile; fileRef = 018E9E1C1D297C3300E804E2 /* AppDelegate.swift */; };
		018E9E1F1D297C3300E804E2 /* ViewController.swift in Sources */ = {isa = PBXBuildFile; fileRef = 018E9E1E1D297C3300E804E2 /* ViewController.swift */; };
		018E9E241D297C3300E804E2 /* Assets.xcassets in Resources */ = {isa = PBXBuildFile; fileRef = 018E9E231D297C3300E804E2 /* Assets.xcassets */; };
		018E9E271D297C3300E804E2 /* LaunchScreen.storyboard in Resources */ = {isa = PBXBuildFile; fileRef = 018E9E251D297C3300E804E2 /* LaunchScreen.storyboard */; };
		018E9E321D297C3300E804E2 /* CalcTests.swift in Sources */ = {isa = PBXBuildFile; fileRef = 018E9E311D297C3300E804E2 /* CalcTests.swift */; };
		018E9E3D1D297C3300E804E2 /* CalcUITests.swift in Sources */ = {isa = PBXBuildFile; fileRef = 018E9E3C1D297C3300E804E2 /* CalcUITests.swift */; };
		018E9E4B1D29AF4200E804E2 /* Main.storyboard in Resources */ = {isa = PBXBuildFile; fileRef = 018E9E4A1D29AF4200E804E2 /* Main.storyboard */; };
		018E9E4D1D29DFB700E804E2 /* Brain.swift in Sources */ = {isa = PBXBuildFile; fileRef = 018E9E4C1D29DFB700E804E2 /* Brain.swift */; };
/* End PBXBuildFile section */

/* Begin PBXContainerItemProxy section */
		018E9E2E1D297C3300E804E2 /* PBXContainerItemProxy */ = {
			isa = PBXContainerItemProxy;
			containerPortal = 018E9E111D297C3300E804E2 /* Project object */;
			proxyType = 1;
			remoteGlobalIDString = 018E9E181D297C3300E804E2;
			remoteInfo = Calc;
		};
		018E9E391D297C3300E804E2 /* PBXContainerItemProxy */ = {
			isa = PBXContainerItemProxy;
			containerPortal = 018E9E111D297C3300E804E2 /* Project object */;
			proxyType = 1;
			remoteGlobalIDString = 018E9E181D297C3300E804E2;
			remoteInfo = Calc;
		};
/* End PBXContainerItemProxy section */

/* Begin PBXFileReference section */
		018E9E191D297C3300E804E2 /* Calc.app */ = {isa = PBXFileReference; explicitFileType = wrapper.application; includeInIndex = 0; path = Calc.app; sourceTree = BUILT_PRODUCTS_DIR; };
		018E9E1C1D297C3300E804E2 /* AppDelegate.swift */ = {isa = PBXFileReference; lastKnownFileType = sourcecode.swift; path = AppDelegate.swift; sourceTree = "<group>"; };
		018E9E1E1D297C3300E804E2 /* ViewController.swift */ = {isa = PBXFileReference; lastKnownFileType = sourcecode.swift; path = ViewController.swift; sourceTree = "<group>"; };
		018E9E231D297C3300E804E2 /* Assets.xcassets */ = {isa = PBXFileReference; lastKnownFileType = folder.assetcatalog; path = Assets.xcassets; sourceTree = "<group>"; };
		018E9E261D297C3300E804E2 /* Base */ = {isa = PBXFileReference; lastKnownFileType = file.storyboard; name = Base; path = Base.lproj/LaunchScreen.storyboard; sourceTree = "<group>"; };
		018E9E281D297C3300E804E2 /* Info.plist */ = {isa = PBXFileReference; lastKnownFileType = text.plist.xml; path = Info.plist; sourceTree = "<group>"; };
		018E9E2D1D297C3300E804E2 /* CalcTests.xctest */ = {isa = PBXFileReference; explicitFileType = wrapper.cfbundle; includeInIndex = 0; path = CalcTests.xctest; sourceTree = BUILT_PRODUCTS_DIR; };
		018E9E311D297C3300E804E2 /* CalcTests.swift */ = {isa = PBXFileReference; lastKnownFileType = sourcecode.swift; path = CalcTests.swift; sourceTree = "<group>"; };
		018E9E331D297C3300E804E2 /* Info.plist */ = {isa = PBXFileReference; lastKnownFileType = text.plist.xml; path = Info.plist; sourceTree = "<group>"; };
		018E9E381D297C3300E804E2 /* CalcUITests.xctest */ = {isa = PBXFileReference; explicitFileType = wrapper.cfbundle; includeInIndex = 0; path = CalcUITests.xctest; sourceTree = BUILT_PRODUCTS_DIR; };
		018E9E3C1D297C3300E804E2 /* CalcUITests.swift */ = {isa = PBXFileReference; lastKnownFileType = sourcecode.swift; path = CalcUITests.swift; sourceTree = "<group>"; };
		018E9E3E1D297C3300E804E2 /* Info.plist */ = {isa = PBXFileReference; lastKnownFileType = text.plist.xml; path = Info.plist; sourceTree = "<group>"; };
		018E9E4A1D29AF4200E804E2 /* Main.storyboard */ = {isa = PBXFileReference; fileEncoding = 4; lastKnownFileType = file.storyboard; path = Main.storyboard; sourceTree = "<group>"; };
		018E9E4C1D29DFB700E804E2 /* Brain.swift */ = {isa = PBXFileReference; fileEncoding = 4; lastKnownFileType = sourcecode.swift; path = Brain.swift; sourceTree = "<group>"; };
/* End PBXFileReference section */

/* Begin PBXFrameworksBuildPhase section */
		018E9E161D297C3300E804E2 /* Frameworks */ = {
			isa = PBXFrameworksBuildPhase;
			buildActionMask = 2147483647;
			files = (
			);
			runOnlyForDeploymentPostprocessing = 0;
		};
		018E9E2A1D297C3300E804E2 /* Frameworks */ = {
			isa = PBXFrameworksBuildPhase;
			buildActionMask = 2147483647;
			files = (
			);
			runOnlyForDeploymentPostprocessing = 0;
		};
		018E9E351D297C3300E804E2 /* Frameworks */ = {
			isa = PBXFrameworksBuildPhase;
			buildActionMask = 2147483647;
			files = (
			);
			runOnlyForDeploymentPostprocessing = 0;
		};
/* End PBXFrameworksBuildPhase section */

/* Begin PBXGroup section */
		018E9E101D297C3300E804E2 = {
			isa = PBXGroup;
			children = (
				018E9E1B1D297C3300E804E2 /* Calc */,
				018E9E301D297C3300E804E2 /* CalcTests */,
				018E9E3B1D297C3300E804E2 /* CalcUITests */,
				018E9E1A1D297C3300E804E2 /* Products */,
			);
			sourceTree = "<group>";
		};
		018E9E1A1D297C3300E804E2 /* Products */ = {
			isa = PBXGroup;
			children = (
				018E9E191D297C3300E804E2 /* Calc.app */,
				018E9E2D1D297C3300E804E2 /* CalcTests.xctest */,
				018E9E381D297C3300E804E2 /* CalcUITests.xctest */,
			);
			name = Products;
			sourceTree = "<group>";
		};
		018E9E1B1D297C3300E804E2 /* Calc */ = {
			isa = PBXGroup;
			children = (
				018E9E1C1D297C3300E804E2 /* AppDelegate.swift */,
				018E9E1E1D297C3300E804E2 /* ViewController.swift */,
				018E9E4A1D29AF4200E804E2 /* Main.storyboard */,
				018E9E4C1D29DFB700E804E2 /* Brain.swift */,
				018E9E231D297C3300E804E2 /* Assets.xcassets */,
				018E9E251D297C3300E804E2 /* LaunchScreen.storyboard */,
				018E9E281D297C3300E804E2 /* Info.plist */,
			);
			path = Calc;
			sourceTree = "<group>";
		};
		018E9E301D297C3300E804E2 /* CalcTests */ = {
			isa = PBXGroup;
			children = (
				018E9E311D297C3300E804E2 /* CalcTests.swift */,
				018E9E331D297C3300E804E2 /* Info.plist */,
			);
			path = CalcTests;
			sourceTree = "<group>";
		};
		018E9E3B1D297C3300E804E2 /* CalcUITests */ = {
			isa = PBXGroup;
			children = (
				018E9E3C1D297C3300E804E2 /* CalcUITests.swift */,
				018E9E3E1D297C3300E804E2 /* Info.plist */,
			);
			path = CalcUITests;
			sourceTree = "<group>";
		};
/* End PBXGroup section */

/* Begin PBXNativeTarget section */
		018E9E181D297C3300E804E2 /* Calc */ = {
			isa = PBXNativeTarget;
			buildConfigurationList = 018E9E411D297C3300E804E2 /* Build configuration list for PBXNativeTarget "Calc" */;
			buildPhases = (
				018E9E151D297C3300E804E2 /* Sources */,
				018E9E161D297C3300E804E2 /* Frameworks */,
				018E9E171D297C3300E804E2 /* Resources */,
			);
			buildRules = (
			);
			dependencies = (
			);
			name = Calc;
			productName = Calc;
			productReference = 018E9E191D297C3300E804E2 /* Calc.app */;
			productType = "com.apple.product-type.application";
		};
		018E9E2C1D297C3300E804E2 /* CalcTests */ = {
			isa = PBXNativeTarget;
			buildConfigurationList = 018E9E441D297C3300E804E2 /* Build configuration list for PBXNativeTarget "CalcTests" */;
			buildPhases = (
				018E9E291D297C3300E804E2 /* Sources */,
				018E9E2A1D297C3300E804E2 /* Frameworks */,
				018E9E2B1D297C3300E804E2 /* Resources */,
			);
			buildRules = (
			);
			dependencies = (
				018E9E2F1D297C3300E804E2 /* PBXTargetDependency */,
			);
			name = CalcTests;
			productName = CalcTests;
			productReference = 018E9E2D1D297C3300E804E2 /* CalcTests.xctest */;
			productType = "com.apple.product-type.bundle.unit-test";
		};
		018E9E371D297C3300E804E2 /* CalcUITests */ = {
			isa = PBXNativeTarget;
			buildConfigurationList = 018E9E471D297C3300E804E2 /* Build configuration list for PBXNativeTarget "CalcUITests" */;
			buildPhases = (
				018E9E341D297C3300E804E2 /* Sources */,
				018E9E351D297C3300E804E2 /* Frameworks */,
				018E9E361D297C3300E804E2 /* Resources */,
			);
			buildRules = (
			);
			dependencies = (
				018E9E3A1D297C3300E804E2 /* PBXTargetDependency */,
			);
			name = CalcUITests;
			productName = CalcUITests;
			productReference = 018E9E381D297C3300E804E2 /* CalcUITests.xctest */;
			productType = "com.apple.product-type.bundle.ui-testing";
		};
/* End PBXNativeTarget section */

/* Begin PBXProject section */
		018E9E111D297C3300E804E2 /* Project object */ = {
			isa = PBXProject;
			attributes = {
				LastSwiftUpdateCheck = 0730;
				LastUpgradeCheck = 0730;
				ORGANIZATIONNAME = "Nick Calabro";
				TargetAttributes = {
					018E9E181D297C3300E804E2 = {
						CreatedOnToolsVersion = 7.3.1;
						DevelopmentTeam = 5VQ7N8ZHU4;
					};
					018E9E2C1D297C3300E804E2 = {
						CreatedOnToolsVersion = 7.3.1;
						TestTargetID = 018E9E181D297C3300E804E2;
					};
					018E9E371D297C3300E804E2 = {
						CreatedOnToolsVersion = 7.3.1;
						TestTargetID = 018E9E181D297C3300E804E2;
					};
				};
			};
			buildConfigurationList = 018E9E141D297C3300E804E2 /* Build configuration list for PBXProject "Calc" */;
			compatibilityVersion = "Xcode 3.2";
			developmentRegion = English;
			hasScannedForEncodings = 0;
			knownRegions = (
				en,
				Base,
			);
			mainGroup = 018E9E101D297C3300E804E2;
			productRefGroup = 018E9E1A1D297C3300E804E2 /* Products */;
			projectDirPath = "";
			projectRoot = "";
			targets = (
				018E9E181D297C3300E804E2 /* Calc */,
				018E9E2C1D297C3300E804E2 /* CalcTests */,
				018E9E371D297C3300E804E2 /* CalcUITests */,
			);
		};
/* End PBXProject section */

/* Begin PBXResourcesBuildPhase section */
		018E9E171D297C3300E804E2 /* Resources */ = {
			isa = PBXResourcesBuildPhase;
			buildActionMask = 2147483647;
			files = (
				018E9E271D297C3300E804E2 /* LaunchScreen.storyboard in Resources */,
				018E9E241D297C3300E804E2 /* Assets.xcassets in Resources */,
				018E9E4B1D29AF4200E804E2 /* Main.storyboard in Resources */,
			);
			runOnlyForDeploymentPostprocessing = 0;
		};
		018E9E2B1D297C3300E804E2 /* Resources */ = {
			isa = PBXResourcesBuildPhase;
			buildActionMask = 2147483647;
			files = (
			);
			runOnlyForDeploymentPostprocessing = 0;
		};
		018E9E361D297C3300E804E2 /* Resources */ = {
			isa = PBXResourcesBuildPhase;
			buildActionMask = 2147483647;
			files = (
			);
			runOnlyForDeploymentPostprocessing = 0;
		};
/* End PBXResourcesBuildPhase section */

/* Begin PBXSourcesBuildPhase section */
		018E9E151D297C3300E804E2 /* Sources */ = {
			isa = PBXSourcesBuildPhase;
			buildActionMask = 2147483647;
			files = (
				018E9E1F1D297C3300E804E2 /* ViewController.swift in Sources */,
				018E9E4D1D29DFB700E804E2 /* Brain.swift in Sources */,
				018E9E1D1D297C3300E804E2 /* AppDelegate.swift in Sources */,
			);
			runOnlyForDeploymentPostprocessing = 0;
		};
		018E9E291D297C3300E804E2 /* Sources */ = {
			isa = PBXSourcesBuildPhase;
			buildActionMask = 2147483647;
			files = (
				018E9E321D297C3300E804E2 /* CalcTests.swift in Sources */,
			);
			runOnlyForDeploymentPostprocessing = 0;
		};
		018E9E341D297C3300E804E2 /* Sources */ = {
			isa = PBXSourcesBuildPhase;
			buildActionMask = 2147483647;
			files = (
				018E9E3D1D297C3300E804E2 /* CalcUITests.swift in Sources */,
			);
			runOnlyForDeploymentPostprocessing = 0;
		};
/* End PBXSourcesBuildPhase section */

/* Begin PBXTargetDependency section */
		018E9E2F1D297C3300E804E2 /* PBXTargetDependency */ = {
			isa = PBXTargetDependency;
			target = 018E9E181D297C3300E804E2 /* Calc */;
			targetProxy = 018E9E2E1D297C3300E804E2 /* PBXContainerItemProxy */;
		};
		018E9E3A1D297C3300E804E2 /* PBXTargetDependency */ = {
			isa = PBXTargetDependency;
			target = 018E9E181D297C3300E804E2 /* Calc */;
			targetProxy = 018E9E391D297C3300E804E2 /* PBXContainerItemProxy */;
		};
/* End PBXTargetDependency section */

/* Begin PBXVariantGroup section */
		018E9E251D297C3300E804E2 /* LaunchScreen.storyboard */ = {
			isa = PBXVariantGroup;
			children = (
				018E9E261D297C3300E804E2 /* Base */,
			);
			name = LaunchScreen.storyboard;
			sourceTree = "<group>";
		};
/* End PBXVariantGroup section */

/* Begin XCBuildConfiguration section */
		018E9E3F1D297C3300E804E2 /* Debug */ = {
			isa = XCBuildConfiguration;
			buildSettings = {
				ALWAYS_SEARCH_USER_PATHS = NO;
				CLANG_ANALYZER_NONNULL = YES;
				CLANG_CXX_LANGUAGE_STANDARD = "gnu++0x";
				CLANG_CXX_LIBRARY = "libc++";
				CLANG_ENABLE_MODULES = YES;
				CLANG_ENABLE_OBJC_ARC = YES;
				CLANG_WARN_BOOL_CONVERSION = YES;
				CLANG_WARN_CONSTANT_CONVERSION = YES;
				CLANG_WARN_DIRECT_OBJC_ISA_USAGE = YES_ERROR;
				CLANG_WARN_EMPTY_BODY = YES;
				CLANG_WARN_ENUM_CONVERSION = YES;
				CLANG_WARN_INT_CONVERSION = YES;
				CLANG_WARN_OBJC_ROOT_CLASS = YES_ERROR;
				CLANG_WARN_UNREACHABLE_CODE = YES;
				CLANG_WARN__DUPLICATE_METHOD_MATCH = YES;
				"CODE_SIGN_IDENTITY[sdk=iphoneos*]" = "iPhone Developer";
				COPY_PHASE_STRIP = NO;
				DEBUG_INFORMATION_FORMAT = dwarf;
				ENABLE_STRICT_OBJC_MSGSEND = YES;
				ENABLE_TESTABILITY = YES;
				GCC_C_LANGUAGE_STANDARD = gnu99;
				GCC_DYNAMIC_NO_PIC = NO;
				GCC_NO_COMMON_BLOCKS = YES;
				GCC_OPTIMIZATION_LEVEL = 0;
				GCC_PREPROCESSOR_DEFINITIONS = (
					"DEBUG=1",
					"$(inherited)",
				);
				GCC_WARN_64_TO_32_BIT_CONVERSION = YES;
				GCC_WARN_ABOUT_RETURN_TYPE = YES_ERROR;
				GCC_WARN_UNDECLARED_SELECTOR = YES;
				GCC_WARN_UNINITIALIZED_AUTOS = YES_AGGRESSIVE;
				GCC_WARN_UNUSED_FUNCTION = YES;
				GCC_WARN_UNUSED_VARIABLE = YES;
				IPHONEOS_DEPLOYMENT_TARGET = 9.3;
				MTL_ENABLE_DEBUG_INFO = YES;
				ONLY_ACTIVE_ARCH = YES;
				SDKROOT = iphoneos;
				SWIFT_OPTIMIZATION_LEVEL = "-Onone";
				TARGETED_DEVICE_FAMILY = "1,2";
			};
			name = Debug;
		};
		018E9E401D297C3300E804E2 /* Release */ = {
			isa = XCBuildConfiguration;
			buildSettings = {
				ALWAYS_SEARCH_USER_PATHS = NO;
				CLANG_ANALYZER_NONNULL = YES;
				CLANG_CXX_LANGUAGE_STANDARD = "gnu++0x";
				CLANG_CXX_LIBRARY = "libc++";
				CLANG_ENABLE_MODULES = YES;
				CLANG_ENABLE_OBJC_ARC = YES;
				CLANG_WARN_BOOL_CONVERSION = YES;
				CLANG_WARN_CONSTANT_CONVERSION = YES;
				CLANG_WARN_DIRECT_OBJC_ISA_USAGE = YES_ERROR;
				CLANG_WARN_EMPTY_BODY = YES;
				CLANG_WARN_ENUM_CONVERSION = YES;
				CLANG_WARN_INT_CONVERSION = YES;
				CLANG_WARN_OBJC_ROOT_CLASS = YES_ERROR;
				CLANG_WARN_UNREACHABLE_CODE = YES;
				CLANG_WARN__DUPLICATE_METHOD_MATCH = YES;
				"CODE_SIGN_IDENTITY[sdk=iphoneos*]" = "iPhone Developer";
				COPY_PHASE_STRIP = NO;
				DEBUG_INFORMATION_FORMAT = "dwarf-with-dsym";
				ENABLE_NS_ASSERTIONS = NO;
				ENABLE_STRICT_OBJC_MSGSEND = YES;
				GCC_C_LANGUAGE_STANDARD = gnu99;
				GCC_NO_COMMON_BLOCKS = YES;
				GCC_WARN_64_TO_32_BIT_CONVERSION = YES;
				GCC_WARN_ABOUT_RETURN_TYPE = YES_ERROR;
				GCC_WARN_UNDECLARED_SELECTOR = YES;
				GCC_WARN_UNINITIALIZED_AUTOS = YES_AGGRESSIVE;
				GCC_WARN_UNUSED_FUNCTION = YES;
				GCC_WARN_UNUSED_VARIABLE = YES;
				IPHONEOS_DEPLOYMENT_TARGET = 9.3;
				MTL_ENABLE_DEBUG_INFO = NO;
				SDKROOT = iphoneos;
				TARGETED_DEVICE_FAMILY = "1,2";
				VALIDATE_PRODUCT = YES;
			};
			name = Release;
		};
		018E9E421D297C3300E804E2 /* Debug */ = {
			isa = XCBuildConfiguration;
			buildSettings = {
				ASSETCATALOG_COMPILER_APPICON_NAME = AppIcon;
				CODE_SIGN_IDENTITY = "iPhone Developer";
				"CODE_SIGN_IDENTITY[sdk=iphoneos*]" = "iPhone Developer";
				INFOPLIST_FILE = Calc/Info.plist;
				LD_RUNPATH_SEARCH_PATHS = "$(inherited) @executable_path/Frameworks";
				PRODUCT_BUNDLE_IDENTIFIER = com.nickcalabro.Calc;
				PRODUCT_NAME = "$(TARGET_NAME)";
				PROVISIONING_PROFILE = "";
			};
			name = Debug;
		};
		018E9E431D297C3300E804E2 /* Release */ = {
			isa = XCBuildConfiguration;
			buildSettings = {
				ASSETCATALOG_COMPILER_APPICON_NAME = AppIcon;
				CODE_SIGN_IDENTITY = "iPhone Developer";
				"CODE_SIGN_IDENTITY[sdk=iphoneos*]" = "iPhone Developer";
				INFOPLIST_FILE = Calc/Info.plist;
				LD_RUNPATH_SEARCH_PATHS = "$(inherited) @executable_path/Frameworks";
				PRODUCT_BUNDLE_IDENTIFIER = com.nickcalabro.Calc;
				PRODUCT_NAME = "$(TARGET_NAME)";
				PROVISIONING_PROFILE = "";
			};
			name = Release;
		};
		018E9E451D297C3300E804E2 /* Debug */ = {
			isa = XCBuildConfiguration;
			buildSettings = {
				BUNDLE_LOADER = "$(TEST_HOST)";
				INFOPLIST_FILE = CalcTests/Info.plist;
				LD_RUNPATH_SEARCH_PATHS = "$(inherited) @executable_path/Frameworks @loader_path/Frameworks";
				PRODUCT_BUNDLE_IDENTIFIER = com.nickcalabro.CalcTests;
				PRODUCT_NAME = "$(TARGET_NAME)";
				TEST_HOST = "$(BUILT_PRODUCTS_DIR)/Calc.app/Calc";
			};
			name = Debug;
		};
		018E9E461D297C3300E804E2 /* Release */ = {
			isa = XCBuildConfiguration;
			buildSettings = {
				BUNDLE_LOADER = "$(TEST_HOST)";
				INFOPLIST_FILE = CalcTests/Info.plist;
				LD_RUNPATH_SEARCH_PATHS = "$(inherited) @executable_path/Frameworks @loader_path/Frameworks";
				PRODUCT_BUNDLE_IDENTIFIER = com.nickcalabro.CalcTests;
				PRODUCT_NAME = "$(TARGET_NAME)";
				TEST_HOST = "$(BUILT_PRODUCTS_DIR)/Calc.app/Calc";
			};
			name = Release;
		};
		018E9E481D297C3300E804E2 /* Debug */ = {
			isa = XCBuildConfiguration;
			buildSettings = {
				INFOPLIST_FILE = CalcUITests/Info.plist;
				LD_RUNPATH_SEARCH_PATHS = "$(inherited) @executable_path/Frameworks @loader_path/Frameworks";
				PRODUCT_BUNDLE_IDENTIFIER = com.nickcalabro.CalcUITests;
				PRODUCT_NAME = "$(TARGET_NAME)";
				TEST_TARGET_NAME = Calc;
			};
			name = Debug;
		};
		018E9E491D297C3300E804E2 /* Release */ = {
			isa = XCBuildConfiguration;
			buildSettings = {
				INFOPLIST_FILE = CalcUITests/Info.plist;
				LD_RUNPATH_SEARCH_PATHS = "$(inherited) @executable_path/Frameworks @loader_path/Frameworks";
				PRODUCT_BUNDLE_IDENTIFIER = com.nickcalabro.CalcUITests;
				PRODUCT_NAME = "$(TARGET_NAME)";
				TEST_TARGET_NAME = Calc;
			};
			name = Release;
		};
/* End XCBuildConfiguration section */

/* Begin XCConfigurationList section */
		018E9E141D297C3300E804E2 /* Build configuration list for PBXProject "Calc" */ = {
			isa = XCConfigurationList;
			buildConfigurations = (
				018E9E3F1D297C3300E804E2 /* Debug */,
				018E9E401D297C3300E804E2 /* Release */,
			);
			defaultConfigurationIsVisible = 0;
			defaultConfigurationName = Release;
		};
		018E9E411D297C3300E804E2 /* Build configuration list for PBXNativeTarget "Calc" */ = {
			isa = XCConfigurationList;
			buildConfigurations = (
				018E9E421D297C3300E804E2 /* Debug */,
				018E9E431D297C3300E804E2 /* Release */,
			);
			defaultConfigurationIsVisible = 0;
		};
		018E9E441D297C3300E804E2 /* Build configuration list for PBXNativeTarget "CalcTests" */ = {
			isa = XCConfigurationList;
			buildConfigurations = (
				018E9E451D297C3300E804E2 /* Debug */,
				018E9E461D297C3300E804E2 /* Release */,
			);
			defaultConfigurationIsVisible = 0;
		};
		018E9E471D297C3300E804E2 /* Build configuration list for PBXNativeTarget "CalcUITests" */ = {
			isa = XCConfigurationList;
			buildConfigurations = (
				018E9E481D297C3300E804E2 /* Debug */,
				018E9E491D297C3300E804E2 /* Release */,
			);
			defaultConfigurationIsVisible = 0;
		};
/* End XCConfigurationList section */
	};
	rootObject = 018E9E111D297C3300E804E2 /* Project object */;
}
